PODS:
  - Flutter (1.0.0)
  - sk_numberpad (0.0.1):
    - Flutter

DEPENDENCIES:
  - Flutter (from `Flutter`)
  - sk_numberpad (from `.symlinks/plugins/sk_numberpad/ios`)

EXTERNAL SOURCES:
  Flutter:
    :path: Flutter
  sk_numberpad:
    :path: ".symlinks/plugins/sk_numberpad/ios"

SPEC CHECKSUMS:
  Flutter: 0e3d915762c693b495b44d77113d4970485de6ec
  sk_numberpad: 825216848b87c2fbd8dd169bd887a55014c3c2bb

PODFILE CHECKSUM: 083258d7f5e80b42ea9bfee905fe93049bc04c64

COCOAPODS: 1.8.4
